// !$*UTF8*$!
{
	archiveVersion = 1;
	classes = {
	};
	objectVersion = 46;
	objects = {

/* Begin PBXBuildFile section */
		9AC1E1571DA51D5900A7D91F /* TouchID.swift in Sources */ = {isa = PBXBuildFile; fileRef = 9AC1E1561DA51D5900A7D91F /* TouchID.swift */; };
		9AC4509F1D9BDA0B00FCFB9E /* AppDelegate.swift in Sources */ = {isa = PBXBuildFile; fileRef = 9AC4509E1D9BDA0B00FCFB9E /* AppDelegate.swift */; };
		9AC450A11D9BDA0B00FCFB9E /* ViewController.swift in Sources */ = {isa = PBXBuildFile; fileRef = 9AC450A01D9BDA0B00FCFB9E /* ViewController.swift */; };
		9AC450A41D9BDA0B00FCFB9E /* Main.storyboard in Resources */ = {isa = PBXBuildFile; fileRef = 9AC450A21D9BDA0B00FCFB9E /* Main.storyboard */; };
		9AC450A61D9BDA0B00FCFB9E /* Assets.xcassets in Resources */ = {isa = PBXBuildFile; fileRef = 9AC450A51D9BDA0B00FCFB9E /* Assets.xcassets */; };
		9AC450A91D9BDA0B00FCFB9E /* LaunchScreen.storyboard in Resources */ = {isa = PBXBuildFile; fileRef = 9AC450A71D9BDA0B00FCFB9E /* LaunchScreen.storyboard */; };
/* End PBXBuildFile section */

/* Begin PBXFileReference section */
		9AC1E1561DA51D5900A7D91F /* TouchID.swift */ = {isa = PBXFileReference; fileEncoding = 4; lastKnownFileType = sourcecode.swift; path = TouchID.swift; sourceTree = "<group>"; };
		9AC4509B1D9BDA0B00FCFB9E /* TouchID.app */ = {isa = PBXFileReference; explicitFileType = wrapper.application; includeInIndex = 0; path = TouchID.app; sourceTree = BUILT_PRODUCTS_DIR; };
		9AC4509E1D9BDA0B00FCFB9E /* AppDelegate.swift */ = {isa = PBXFileReference; lastKnownFileType = sourcecode.swift; path = AppDelegate.swift; sourceTree = "<group>"; };
		9AC450A01D9BDA0B00FCFB9E /* ViewController.swift */ = {isa = PBXFileReference; lastKnownFileType = sourcecode.swift; path = ViewController.swift; sourceTree = "<group>"; };
		9AC450A31D9BDA0B00FCFB9E /* Base */ = {isa = PBXFileReference; lastKnownFileType = file.storyboard; name = Base; path = Base.lproj/Main.storyboard; sourceTree = "<group>"; };
		9AC450A51D9BDA0B00FCFB9E /* Assets.xcassets */ = {isa = PBXFileReference; lastKnownFileType = folder.assetcatalog; path = Assets.xcassets; sourceTree = "<group>"; };
		9AC450A81D9BDA0B00FCFB9E /* Base */ = {isa = PBXFileReference; lastKnownFileType = file.storyboard; name = Base; path = Base.lproj/LaunchScreen.storyboard; sourceTree = "<group>"; };
		9AC450AA1D9BDA0B00FCFB9E /* Info.plist */ = {isa = PBXFileReference; lastKnownFileType = text.plist.xml; path = Info.plist; sourceTree = "<group>"; };
/* End PBXFileReference section */

/* Begin PBXFrameworksBuildPhase section */
		9AC450981D9BDA0B00FCFB9E /* Frameworks */ = {
			isa = PBXFrameworksBuildPhase;
			buildActionMask = 2147483647;
			files = (
			);
			runOnlyForDeploymentPostprocessing = 0;
		};
/* End PBXFrameworksBuildPhase section */

/* Begin PBXGroup section */
		9AC450921D9BDA0B00FCFB9E = {
			isa = PBXGroup;
			children = (
				9AC4509D1D9BDA0B00FCFB9E /* TouchID */,
				9AC4509C1D9BDA0B00FCFB9E /* Products */,
			);
			sourceTree = "<group>";
		};
		9AC4509C1D9BDA0B00FCFB9E /* Products */ = {
			isa = PBXGroup;
			children = (
				9AC4509B1D9BDA0B00FCFB9E /* TouchID.app */,
			);
			name = Products;
			sourceTree = "<group>";
		};
		9AC4509D1D9BDA0B00FCFB9E /* TouchID */ = {
			isa = PBXGroup;
			children = (
				9AC4509E1D9BDA0B00FCFB9E /* AppDelegate.swift */,
				9AC450A01D9BDA0B00FCFB9E /* ViewController.swift */,
				9AC450A21D9BDA0B00FCFB9E /* Main.storyboard */,
				9AC450A51D9BDA0B00FCFB9E /* Assets.xcassets */,
				9AC450A71D9BDA0B00FCFB9E /* LaunchScreen.storyboard */,
				9AC450AA1D9BDA0B00FCFB9E /* Info.plist */,
				9AC1E1561DA51D5900A7D91F /* TouchID.swift */,
			);
			path = TouchID;
			sourceTree = "<group>";
		};
/* End PBXGroup section */

/* Begin PBXNativeTarget section */
		9AC4509A1D9BDA0B00FCFB9E /* TouchID */ = {
			isa = PBXNativeTarget;
			buildConfigurationList = 9AC450AD1D9BDA0B00FCFB9E /* Build configuration list for PBXNativeTarget "TouchID" */;
			buildPhases = (
				9AC450971D9BDA0B00FCFB9E /* Sources */,
				9AC450981D9BDA0B00FCFB9E /* Frameworks */,
				9AC450991D9BDA0B00FCFB9E /* Resources */,
			);
			buildRules = (
			);
			dependencies = (
			);
			name = TouchID;
			productName = TouchID;
			productReference = 9AC4509B1D9BDA0B00FCFB9E /* TouchID.app */;
			productType = "com.apple.product-type.application";
		};
/* End PBXNativeTarget section */

/* Begin PBXProject section */
		9AC450931D9BDA0B00FCFB9E /* Project object */ = {
			isa = PBXProject;
			attributes = {
				LastSwiftUpdateCheck = 0800;
				LastUpgradeCheck = 0800;
				ORGANIZATIONNAME = SIPL;
				TargetAttributes = {
					9AC4509A1D9BDA0B00FCFB9E = {
						CreatedOnToolsVersion = 8.0;
						DevelopmentTeam = 7E7WKW772Q;
						ProvisioningStyle = Automatic;
					};
				};
			};
			buildConfigurationList = 9AC450961D9BDA0B00FCFB9E /* Build configuration list for PBXProject "TouchID" */;
			compatibilityVersion = "Xcode 3.2";
			developmentRegion = English;
			hasScannedForEncodings = 0;
			knownRegions = (
				en,
				Base,
			);
			mainGroup = 9AC450921D9BDA0B00FCFB9E;
			productRefGroup = 9AC4509C1D9BDA0B00FCFB9E /* Products */;
			projectDirPath = "";
			projectRoot = "";
			targets = (
				9AC4509A1D9BDA0B00FCFB9E /* TouchID */,
			);
		};
/* End PBXProject section */

/* Begin PBXResourcesBuildPhase section */
		9AC450991D9BDA0B00FCFB9E /* Resources */ = {
			isa = PBXResourcesBuildPhase;
			buildActionMask = 2147483647;
			files = (
				9AC450A91D9BDA0B00FCFB9E /* LaunchScreen.storyboard in Resources */,
				9AC450A61D9BDA0B00FCFB9E /* Assets.xcassets in Resources */,
				9AC450A41D9BDA0B00FCFB9E /* Main.storyboard in Resources */,
			);
			runOnlyForDeploymentPostprocessing = 0;
		};
/* End PBXResourcesBuildPhase section */

/* Begin PBXSourcesBuildPhase section */
		9AC450971D9BDA0B00FCFB9E /* Sources */ = {
			isa = PBXSourcesBuildPhase;
			buildActionMask = 2147483647;
			files = (
				9AC1E1571DA51D5900A7D91F /* TouchID.swift in Sources */,
				9AC450A11D9BDA0B00FCFB9E /* ViewController.swift in Sources */,
				9AC4509F1D9BDA0B00FCFB9E /* AppDelegate.swift in Sources */,
			);
			runOnlyForDeploymentPostprocessing = 0;
		};
/* End PBXSourcesBuildPhase section */

/* Begin PBXVariantGroup section */
		9AC450A21D9BDA0B00FCFB9E /* Main.storyboard */ = {
			isa = PBXVariantGroup;
			children = (
				9AC450A31D9BDA0B00FCFB9E /* Base */,
			);
			name = Main.storyboard;
			sourceTree = "<group>";
		};
		9AC450A71D9BDA0B00FCFB9E /* LaunchScreen.storyboard */ = {
			isa = PBXVariantGroup;
			children = (
				9AC450A81D9BDA0B00FCFB9E /* Base */,
			);
			name = LaunchScreen.storyboard;
			sourceTree = "<group>";
		};
/* End PBXVariantGroup section */

/* Begin XCBuildConfiguration section */
		9AC450AB1D9BDA0B00FCFB9E /* Debug */ = {
			isa = XCBuildConfiguration;
			buildSettings = {
				ALWAYS_SEARCH_USER_PATHS = NO;
				CLANG_ANALYZER_NONNULL = YES;
				CLANG_CXX_LANGUAGE_STANDARD = "gnu++0x";
				CLANG_CXX_LIBRARY = "libc++";
				CLANG_ENABLE_MODULES = YES;
				CLANG_ENABLE_OBJC_ARC = YES;
				CLANG_WARN_BOOL_CONVERSION = YES;
				CLANG_WARN_CONSTANT_CONVERSION = YES;
				CLANG_WARN_DIRECT_OBJC_ISA_USAGE = YES_ERROR;
				CLANG_WARN_DOCUMENTATION_COMMENTS = YES;
				CLANG_WARN_EMPTY_BODY = YES;
				CLANG_WARN_ENUM_CONVERSION = YES;
				CLANG_WARN_INFINITE_RECURSION = YES;
				CLANG_WARN_INT_CONVERSION = YES;
				CLANG_WARN_OBJC_ROOT_CLASS = YES_ERROR;
				CLANG_WARN_SUSPICIOUS_MOVES = YES;
				CLANG_WARN_UNREACHABLE_CODE = YES;
				CLANG_WARN__DUPLICATE_METHOD_MATCH = YES;
				"CODE_SIGN_IDENTITY[sdk=iphoneos*]" = "iPhone Developer";
				COPY_PHASE_STRIP = NO;
				DEBUG_INFORMATION_FORMAT = dwarf;
				ENABLE_STRICT_OBJC_MSGSEND = YES;
				ENABLE_TESTABILITY = YES;
				GCC_C_LANGUAGE_STANDARD = gnu99;
				GCC_DYNAMIC_NO_PIC = NO;
				GCC_NO_COMMON_BLOCKS = YES;
				GCC_OPTIMIZATION_LEVEL = 0;
				GCC_PREPROCESSOR_DEFINITIONS = (
					"DEBUG=1",
					"$(inherited)",
				);
				GCC_WARN_64_TO_32_BIT_CONVERSION = YES;
				GCC_WARN_ABOUT_RETURN_TYPE = YES_ERROR;
				GCC_WARN_UNDECLARED_SELECTOR = YES;
				GCC_WARN_UNINITIALIZED_AUTOS = YES_AGGRESSIVE;
				GCC_WARN_UNUSED_FUNCTION = YES;
				GCC_WARN_UNUSED_VARIABLE = YES;
				IPHONEOS_DEPLOYMENT_TARGET = 10.0;
				MTL_ENABLE_DEBUG_INFO = YES;
				ONLY_ACTIVE_ARCH = YES;
				SDKROOT = iphoneos;
				SWIFT_ACTIVE_COMPILATION_CONDITIONS = DEBUG;
				SWIFT_OPTIMIZATION_LEVEL = "-Onone";
			};
			name = Debug;
		};
		9AC450AC1D9BDA0B00FCFB9E /* Release */ = {
			isa = XCBuildConfiguration;
			buildSettings = {
				ALWAYS_SEARCH_USER_PATHS = NO;
				CLANG_ANALYZER_NONNULL = YES;
				CLANG_CXX_LANGUAGE_STANDARD = "gnu++0x";
				CLANG_CXX_LIBRARY = "libc++";
				CLANG_ENABLE_MODULES = YES;
				CLANG_ENABLE_OBJC_ARC = YES;
				CLANG_WARN_BOOL_CONVERSION = YES;
				CLANG_WARN_CONSTANT_CONVERSION = YES;
				CLANG_WARN_DIRECT_OBJC_ISA_USAGE = YES_ERROR;
				CLANG_WARN_DOCUMENTATION_COMMENTS = YES;
				CLANG_WARN_EMPTY_BODY = YES;
				CLANG_WARN_ENUM_CONVERSION = YES;
				CLANG_WARN_INFINITE_RECURSION = YES;
				CLANG_WARN_INT_CONVERSION = YES;
				CLANG_WARN_OBJC_ROOT_CLASS = YES_ERROR;
				CLANG_WARN_SUSPICIOUS_MOVES = YES;
				CLANG_WARN_UNREACHABLE_CODE = YES;
				CLANG_WARN__DUPLICATE_METHOD_MATCH = YES;
				"CODE_SIGN_IDENTITY[sdk=iphoneos*]" = "iPhone Developer";
				COPY_PHASE_STRIP = NO;
				DEBUG_INFORMATION_FORMAT = "dwarf-with-dsym";
				ENABLE_NS_ASSERTIONS = NO;
				ENABLE_STRICT_OBJC_MSGSEND = YES;
				GCC_C_LANGUAGE_STANDARD = gnu99;
				GCC_NO_COMMON_BLOCKS = YES;
				GCC_WARN_64_TO_32_BIT_CONVERSION = YES;
				GCC_WARN_ABOUT_RETURN_TYPE = YES_ERROR;
				GCC_WARN_UNDECLARED_SELECTOR = YES;
				GCC_WARN_UNINITIALIZED_AUTOS = YES_AGGRESSIVE;
				GCC_WARN_UNUSED_FUNCTION = YES;
				GCC_WARN_UNUSED_VARIABLE = YES;
				IPHONEOS_DEPLOYMENT_TARGET = 10.0;
				MTL_ENABLE_DEBUG_INFO = NO;
				SDKROOT = iphoneos;
				SWIFT_OPTIMIZATION_LEVEL = "-Owholemodule";
				VALIDATE_PRODUCT = YES;
			};
			name = Release;
		};
		9AC450AE1D9BDA0B00FCFB9E /* Debug */ = {
			isa = XCBuildConfiguration;
			buildSettings = {
				ASSETCATALOG_COMPILER_APPICON_NAME = AppIcon;
				DEVELOPMENT_TEAM = 7E7WKW772Q;
				INFOPLIST_FILE = TouchID/Info.plist;
				IPHONEOS_DEPLOYMENT_TARGET = 8.0;
				LD_RUNPATH_SEARCH_PATHS = "$(inherited) @executable_path/Frameworks";
				PRODUCT_BUNDLE_IDENTIFIER = com.systematixindia.TouchID;
				PRODUCT_NAME = "$(TARGET_NAME)";
				SWIFT_VERSION = 3.0;
			};
			name = Debug;
		};
		9AC450AF1D9BDA0B00FCFB9E /* Release */ = {
			isa = XCBuildConfiguration;
			buildSettings = {
				ASSETCATALOG_COMPILER_APPICON_NAME = AppIcon;
				DEVELOPMENT_TEAM = 7E7WKW772Q;
				INFOPLIST_FILE = TouchID/Info.plist;
				IPHONEOS_DEPLOYMENT_TARGET = 8.0;
				LD_RUNPATH_SEARCH_PATHS = "$(inherited) @executable_path/Frameworks";
				PRODUCT_BUNDLE_IDENTIFIER = com.systematixindia.TouchID;
				PRODUCT_NAME = "$(TARGET_NAME)";
				SWIFT_VERSION = 3.0;
			};
			name = Release;
		};
/* End XCBuildConfiguration section */

/* Begin XCConfigurationList section */
		9AC450961D9BDA0B00FCFB9E /* Build configuration list for PBXProject "TouchID" */ = {
			isa = XCConfigurationList;
			buildConfigurations = (
				9AC450AB1D9BDA0B00FCFB9E /* Debug */,
				9AC450AC1D9BDA0B00FCFB9E /* Release */,
			);
			defaultConfigurationIsVisible = 0;
			defaultConfigurationName = Release;
		};
		9AC450AD1D9BDA0B00FCFB9E /* Build configuration list for PBXNativeTarget "TouchID" */ = {
			isa = XCConfigurationList;
			buildConfigurations = (
				9AC450AE1D9BDA0B00FCFB9E /* Debug */,
				9AC450AF1D9BDA0B00FCFB9E /* Release */,
			);
			defaultConfigurationIsVisible = 0;
			defaultConfigurationName = Release;
		};
/* End XCConfigurationList section */
	};
	rootObject = 9AC450931D9BDA0B00FCFB9E /* Project object */;
}
